{
  "name": "ups-actions",
  "version": "1.0.0",
  "lockfileVersion": 1,
  "requires": true,
  "dependencies": {
    "@types/color-name": {
      "version": "1.1.1",
      "resolved": "https://registry.npmjs.org/@types/color-name/-/color-name-1.1.1.tgz",
      "integrity": "sha512-rr+OQyAjxze7GgWrSaJwydHStIhHq2lvY3BOC2Mj7KnzI7XK0Uw1TOOdI9lDoajEbSWLiYgoo4f1R51erQfhPQ=="
    },
    "@types/geojson": {
      "version": "7946.0.7",
      "resolved": "https://registry.npmjs.org/@types/geojson/-/geojson-7946.0.7.tgz",
      "integrity": "sha512-wE2v81i4C4Ol09RtsWFAqg3BUitWbHSpSlIo+bNdsCJijO9sjme+zm+73ZMCa/qMC8UEERxzGbvmr1cffo2SiQ=="
    },
    "@types/node": {
      "version": "14.14.22",
      "resolved": "https://registry.npmjs.org/@types/node/-/node-14.14.22.tgz",
      "integrity": "sha512-g+f/qj/cNcqKkc3tFqlXOYjrmZA+jNBiDzbP3kH+B+otKFqAdPgVTGP1IeKRdMml/aE69as5S4FqtxAbl+LaMw=="
    },
    "ansi-regex": {
      "version": "5.0.0",
      "resolved": "https://registry.npmjs.org/ansi-regex/-/ansi-regex-5.0.0.tgz",
      "integrity": "sha512-bY6fj56OUQ0hU1KjFNDQuJFezqKdrAyFdIevADiqrWHwSlbmBNMHp5ak2f40Pm8JTFyM2mqxkG6ngkHO11f/lg=="
    },
    "ansi-styles": {
      "version": "4.2.1",
      "resolved": "https://registry.npmjs.org/ansi-styles/-/ansi-styles-4.2.1.tgz",
      "integrity": "sha512-9VGjrMsG1vePxcSweQsN20KY/c4zN0h9fLjqAbwbPfahM3t+NL+M9HC8xeXG2I8pX5NoamTGNuomEUFI7fcUjA==",
      "requires": {
        "@types/color-name": "^1.1.1",
        "color-convert": "^2.0.1"
      }
    },
    "async": {
      "version": "0.2.10",
      "resolved": "https://registry.npmjs.org/async/-/async-0.2.10.tgz",
      "integrity": "sha1-trvgsGdLnXGXCMo43owjfLUmw9E="
    },
    "binary-search-tree": {
      "version": "0.2.5",
      "resolved": "https://registry.npmjs.org/binary-search-tree/-/binary-search-tree-0.2.5.tgz",
      "integrity": "sha1-fbs7IQ/coIJFDa0jNMMErzm9x4Q=",
      "requires": {
        "underscore": "~1.4.4"
      }
    },
    "cliui": {
      "version": "7.0.1",
      "resolved": "https://registry.npmjs.org/cliui/-/cliui-7.0.1.tgz",
      "integrity": "sha512-rcvHOWyGyid6I1WjT/3NatKj2kDt9OdSHSXpyLXaMWFbKpGACNW8pRhhdPUq9MWUOdwn8Rz9AVETjF4105rZZQ==",
      "requires": {
        "string-width": "^4.2.0",
        "strip-ansi": "^6.0.0",
        "wrap-ansi": "^7.0.0"
      }
    },
    "color-convert": {
      "version": "2.0.1",
      "resolved": "https://registry.npmjs.org/color-convert/-/color-convert-2.0.1.tgz",
      "integrity": "sha512-RRECPsj7iu/xb5oKYcsFHSppFNnsj/52OVTRKb4zP5onXwVF3zVmmToNcOfGC+CRDpfK/U584fMg38ZHCaElKQ==",
      "requires": {
        "color-name": "~1.1.4"
      }
    },
    "color-name": {
      "version": "1.1.4",
      "resolved": "https://registry.npmjs.org/color-name/-/color-name-1.1.4.tgz",
      "integrity": "sha512-dOy+3AuW3a2wNbZHIuMZpTcgjGuLU/uBL/ubcZF9OXbDo8ff4O8yVp5Bf0efS8uEoYo5q4Fx7dY9OgQGXgAsQA=="
    },
    "const-max-uint32": {
      "version": "1.0.2",
      "resolved": "https://registry.npmjs.org/const-max-uint32/-/const-max-uint32-1.0.2.tgz",
      "integrity": "sha1-8Am7YjDmeO2HTdLWqc2ePL+rtnY="
    },
    "const-pinf-float64": {
      "version": "1.0.0",
      "resolved": "https://registry.npmjs.org/const-pinf-float64/-/const-pinf-float64-1.0.0.tgz",
      "integrity": "sha1-9u+w15+cCYbT558pI6v5twtj1yY="
    },
    "denque": {
      "version": "1.5.0",
      "resolved": "https://registry.npmjs.org/denque/-/denque-1.5.0.tgz",
      "integrity": "sha512-CYiCSgIF1p6EUByQPlGkKnP1M9g0ZV3qMIrqMqZqdwazygIA/YP2vrbcyl1h/WppKJTdl1F85cXIle+394iDAQ=="
    },
    "emoji-regex": {
      "version": "8.0.0",
      "resolved": "https://registry.npmjs.org/emoji-regex/-/emoji-regex-8.0.0.tgz",
      "integrity": "sha512-MSjYzcWNOA0ewAHpz0MxpYFvwg6yjy1NG3xteoqz644VCo/RPgnr1/GGt+ic3iJTzQ8Eu3TdM14SawnVUmGE6A=="
    },
    "escalade": {
      "version": "3.1.0",
      "resolved": "https://registry.npmjs.org/escalade/-/escalade-3.1.0.tgz",
      "integrity": "sha512-mAk+hPSO8fLDkhV7V0dXazH5pDc6MrjBTPyD3VeKzxnVFjH1MIxbCdqGZB9O8+EwWakZs3ZCbDS4IpRt79V1ig=="
    },
    "get-caller-file": {
      "version": "2.0.5",
      "resolved": "https://registry.npmjs.org/get-caller-file/-/get-caller-file-2.0.5.tgz",
      "integrity": "sha512-DyFP3BM/3YHTQOCUL/w0OZHR0lpKeGrxotcHWcqNEdnltqFwXVfhEBQ94eIo34AfQpo0rGki4cyIiftY06h2Fg=="
    },
    "iconv-lite": {
      "version": "0.6.2",
      "resolved": "https://registry.npmjs.org/iconv-lite/-/iconv-lite-0.6.2.tgz",
      "integrity": "sha512-2y91h5OpQlolefMPmUlivelittSWy0rP+oYVpn6A7GwVHNE8AWzoYOBNmlwks3LobaJxgHCYZAnyNo2GgpNRNQ==",
      "requires": {
        "safer-buffer": ">= 2.1.2 < 3.0.0"
      }
    },
    "immediate": {
      "version": "3.0.6",
      "resolved": "https://registry.npmjs.org/immediate/-/immediate-3.0.6.tgz",
      "integrity": "sha1-nbHb0Pr43m++D13V5Wu2BigN5ps="
    },
    "is-fullwidth-code-point": {
      "version": "3.0.0",
      "resolved": "https://registry.npmjs.org/is-fullwidth-code-point/-/is-fullwidth-code-point-3.0.0.tgz",
      "integrity": "sha512-zymm5+u+sCsSWyD9qNaejV3DFvhCKclKdizYaJUuHA83RLjb7nSuGnddCHGv0hk+KY7BMAlsWeK4Ueg6EV6XQg=="
    },
    "lie": {
      "version": "3.1.1",
      "resolved": "https://registry.npmjs.org/lie/-/lie-3.1.1.tgz",
      "integrity": "sha1-mkNrLMd0bKWd56QfpGmz77dr2H4=",
      "requires": {
        "immediate": "~3.0.5"
      }
    },
    "localforage": {
      "version": "1.9.0",
      "resolved": "https://registry.npmjs.org/localforage/-/localforage-1.9.0.tgz",
      "integrity": "sha512-rR1oyNrKulpe+VM9cYmcFn6tsHuokyVHFaCM3+osEmxaHTbEk8oQu6eGDfS6DQLWi/N67XRmB8ECG37OES368g==",
      "requires": {
        "lie": "3.1.1"
      }
    },
    "logger": {
      "version": "0.0.1",
      "resolved": "https://registry.npmjs.org/logger/-/logger-0.0.1.tgz",
      "integrity": "sha1-ywgXH4pvb2dLhJna31C+1L77csQ="
    },
    "long": {
      "version": "4.0.0",
      "resolved": "https://registry.npmjs.org/long/-/long-4.0.0.tgz",
      "integrity": "sha512-XsP+KhQif4bjX1kbuSiySJFNAehNxgLb6hPRGJ9QsUr8ajHkuXGdrHmFUTUUXhDwVX2R5bY4JNZEwbUiMhV+MA=="
    },
    "mariadb": {
      "version": "2.5.2",
      "resolved": "https://registry.npmjs.org/mariadb/-/mariadb-2.5.2.tgz",
      "integrity": "sha512-SfaBl5/LiX2qJNNr7wCQvizVjtWxVm1CUWYKe+y4OMeyYMM6g0GhwX7/BbGtv/O3WthnGrM+Kj1imFnlescO0w==",
      "requires": {
        "@types/geojson": "^7946.0.7",
        "@types/node": "^14.14.7",
        "denque": "^1.4.1",
        "iconv-lite": "^0.6.2",
        "long": "^4.0.0",
        "moment-timezone": "^0.5.32",
        "please-upgrade-node": "^3.2.0"
      }
    },
    "minimist": {
      "version": "1.2.5",
      "resolved": "https://registry.npmjs.org/minimist/-/minimist-1.2.5.tgz",
      "integrity": "sha512-FM9nNUYrRBAELZQT3xeZQ7fmMOBg6nWNmJKTcgsJeaLstP/UODVpGsr5OhXhhXg6f+qtJ8uiZ+PUxkDWcgIXLw=="
    },
    "mkdirp": {
      "version": "0.5.5",
      "resolved": "https://registry.npmjs.org/mkdirp/-/mkdirp-0.5.5.tgz",
      "integrity": "sha512-NKmAlESf6jMGym1++R0Ra7wvhV+wFW63FaSOFPwRahvea0gMUcGUhVeAg/0BC0wiv9ih5NYPB1Wn1UEI1/L+xQ==",
      "requires": {
        "minimist": "^1.2.5"
      }
    },
    "moment": {
      "version": "2.29.1",
      "resolved": "https://registry.npmjs.org/moment/-/moment-2.29.1.tgz",
      "integrity": "sha512-kHmoybcPV8Sqy59DwNDY3Jefr64lK/by/da0ViFcuA4DH0vQg5Q6Ze5VimxkfQNSC+Mls/Kx53s7TjP1RhFEDQ=="
    },
    "moment-timezone": {
      "version": "0.5.32",
      "resolved": "https://registry.npmjs.org/moment-timezone/-/moment-timezone-0.5.32.tgz",
      "integrity": "sha512-Z8QNyuQHQAmWucp8Knmgei8YNo28aLjJq6Ma+jy1ZSpSk5nyfRT8xgUbSQvD2+2UajISfenndwvFuH3NGS+nvA==",
      "requires": {
        "moment": ">= 2.9.0"
      }
    },
    "nedb": {
      "version": "1.8.0",
      "resolved": "https://registry.npmjs.org/nedb/-/nedb-1.8.0.tgz",
      "integrity": "sha1-DjUCzYLABNU1WkPJ5VV3vXvZHYg=",
      "requires": {
        "async": "0.2.10",
        "binary-search-tree": "0.2.5",
        "localforage": "^1.3.0",
        "mkdirp": "~0.5.1",
        "underscore": "~1.4.4"
      }
    },
    "node-fetch": {
      "version": "2.6.1",
      "resolved": "https://registry.npmjs.org/node-fetch/-/node-fetch-2.6.1.tgz",
      "integrity": "sha512-V4aYg89jEoVRxRb2fJdAg8FHvI7cEyYdVAh94HH0UIK8oJxUfkjlDQN9RbMx+bEjP7+ggMiFRprSti032Oipxw=="
    },
    "object-keys": {
      "version": "1.1.1",
      "resolved": "https://registry.npmjs.org/object-keys/-/object-keys-1.1.1.tgz",
      "integrity": "sha512-NuAESUOUMrlIXOfHKzD6bpPu3tYt3xvjNdRIQ+FeT0lNb4K8WR70CaDxhuNguS2XG+GjkyMwOzsN5ZktImfhLA=="
    },
    "please-upgrade-node": {
      "version": "3.2.0",
      "resolved": "https://registry.npmjs.org/please-upgrade-node/-/please-upgrade-node-3.2.0.tgz",
      "integrity": "sha512-gQR3WpIgNIKwBMVLkpMUeR3e1/E1y42bqDQZfql+kDeXd8COYfM8PQA4X6y7a8u9Ua9FHmsrrmirW2vHs45hWg==",
      "requires": {
        "semver-compare": "^1.0.0"
      }
    },
    "regex-regex": {
      "version": "1.0.0",
      "resolved": "https://registry.npmjs.org/regex-regex/-/regex-regex-1.0.0.tgz",
      "integrity": "sha1-kEih6uuHD01IDavHb8Qs3MC8OnI="
    },
    "require-directory": {
      "version": "2.1.1",
      "resolved": "https://registry.npmjs.org/require-directory/-/require-directory-2.1.1.tgz",
      "integrity": "sha1-jGStX9MNqxyXbiNE/+f3kqam30I="
    },
    "safer-buffer": {
      "version": "2.1.2",
      "resolved": "https://registry.npmjs.org/safer-buffer/-/safer-buffer-2.1.2.tgz",
      "integrity": "sha512-YZo3K82SD7Riyi0E1EQPojLz7kpepnSQI9IyPbHHg1XXXevb5dJI7tpyN2ADxGcQbHG7vcyRHk0cbwqcQriUtg=="
    },
    "semver-compare": {
      "version": "1.0.0",
      "resolved": "https://registry.npmjs.org/semver-compare/-/semver-compare-1.0.0.tgz",
      "integrity": "sha1-De4hahyUGrN+nvsXiPavxf9VN/w="
    },
    "string-width": {
      "version": "4.2.0",
      "resolved": "https://registry.npmjs.org/string-width/-/string-width-4.2.0.tgz",
      "integrity": "sha512-zUz5JD+tgqtuDjMhwIg5uFVV3dtqZ9yQJlZVfq4I01/K5Paj5UHj7VyrQOJvzawSVlKpObApbfD0Ed6yJc+1eg==",
      "requires": {
        "emoji-regex": "^8.0.0",
        "is-fullwidth-code-point": "^3.0.0",
        "strip-ansi": "^6.0.0"
      }
    },
    "strip-ansi": {
      "version": "6.0.0",
      "resolved": "https://registry.npmjs.org/strip-ansi/-/strip-ansi-6.0.0.tgz",
      "integrity": "sha512-AuvKTrTfQNYNIctbR1K/YGTR1756GycPsg7b9bdV9Duqur4gv6aKqHXah67Z8ImS7WEz5QVcOtlfW2rZEugt6w==",
      "requires": {
        "ansi-regex": "^5.0.0"
      }
    },
    "synology-diskstation": {
      "version": "git+ssh://git@github.com/simonbs/synology-diskstation.git#558e71049b284cb1395a0effa9ff56543b1fc363",
      "from": "git+ssh://git@github.com/simonbs/synology-diskstation.git",
      "requires": {
        "wake_on_lan": "0.0.4"
      }
    },
    "type-name": {
      "version": "2.0.2",
      "resolved": "https://registry.npmjs.org/type-name/-/type-name-2.0.2.tgz",
      "integrity": "sha1-7+fUEj2KxSr/9/QMfk3sUmYAj7Q="
    },
    "underscore": {
      "version": "1.4.4",
      "resolved": "https://registry.npmjs.org/underscore/-/underscore-1.4.4.tgz",
      "integrity": "sha1-YaajIBBiKvoHljvzJSA88SI51gQ="
    },
    "utils-copy": {
      "version": "1.1.1",
      "resolved": "https://registry.npmjs.org/utils-copy/-/utils-copy-1.1.1.tgz",
      "integrity": "sha1-biuXmCqozXPhGCo+b4vsPA9AWKc=",
      "requires": {
        "const-pinf-float64": "^1.0.0",
        "object-keys": "^1.0.9",
        "type-name": "^2.0.0",
        "utils-copy-error": "^1.0.0",
        "utils-indexof": "^1.0.0",
        "utils-regex-from-string": "^1.0.0",
        "validate.io-array": "^1.0.3",
        "validate.io-buffer": "^1.0.1",
        "validate.io-nonnegative-integer": "^1.0.0"
      }
    },
    "utils-copy-error": {
      "version": "1.0.1",
      "resolved": "https://registry.npmjs.org/utils-copy-error/-/utils-copy-error-1.0.1.tgz",
      "integrity": "sha1-eR3jk8DwmJCv1Z88vqY18HmpT6U=",
      "requires": {
        "object-keys": "^1.0.9",
        "utils-copy": "^1.1.0"
      }
    },
    "utils-error-to-json": {
      "version": "1.0.0",
      "resolved": "https://registry.npmjs.org/utils-error-to-json/-/utils-error-to-json-1.0.0.tgz",
      "integrity": "sha1-YeSnuoVn4856wvMFzRlIsqh08wA=",
      "requires": {
        "object-keys": "^1.0.9",
        "utils-copy": "^1.1.0"
      }
    },
    "utils-indexof": {
      "version": "1.0.0",
      "resolved": "https://registry.npmjs.org/utils-indexof/-/utils-indexof-1.0.0.tgz",
      "integrity": "sha1-IP6r8J7xAYtSNkPoOA57yD7GG1w=",
      "requires": {
        "validate.io-array-like": "^1.0.1",
        "validate.io-integer-primitive": "^1.0.0"
      }
    },
    "utils-regex-from-string": {
      "version": "1.0.0",
      "resolved": "https://registry.npmjs.org/utils-regex-from-string/-/utils-regex-from-string-1.0.0.tgz",
      "integrity": "sha1-/hopCfjeD/DVGCyA+8ZU1qaH0Yk=",
      "requires": {
        "regex-regex": "^1.0.0",
        "validate.io-string-primitive": "^1.0.0"
      }
    },
    "validate.io-array": {
      "version": "1.0.6",
      "resolved": "https://registry.npmjs.org/validate.io-array/-/validate.io-array-1.0.6.tgz",
      "integrity": "sha1-W1osr9j4uFq7L4hroVPy2Tond00="
    },
    "validate.io-array-like": {
      "version": "1.0.2",
      "resolved": "https://registry.npmjs.org/validate.io-array-like/-/validate.io-array-like-1.0.2.tgz",
      "integrity": "sha1-evn363tRcVvrIhVmjsXM5U+t21o=",
      "requires": {
        "const-max-uint32": "^1.0.2",
        "validate.io-integer-primitive": "^1.0.0"
      }
    },
    "validate.io-buffer": {
      "version": "1.0.2",
      "resolved": "https://registry.npmjs.org/validate.io-buffer/-/validate.io-buffer-1.0.2.tgz",
      "integrity": "sha1-hS1nNAIZFNXROvwyUxdh43IO1E4="
    },
    "validate.io-integer": {
      "version": "1.0.5",
      "resolved": "https://registry.npmjs.org/validate.io-integer/-/validate.io-integer-1.0.5.tgz",
      "integrity": "sha1-FoSWSAuVviJH7EQ/IjPeT4mHgGg=",
      "requires": {
        "validate.io-number": "^1.0.3"
      }
    },
    "validate.io-integer-primitive": {
      "version": "1.0.0",
      "resolved": "https://registry.npmjs.org/validate.io-integer-primitive/-/validate.io-integer-primitive-1.0.0.tgz",
      "integrity": "sha1-qaoBA1X+hoHA/qbBp0rSQZyt3cY=",
      "requires": {
        "validate.io-number-primitive": "^1.0.0"
      }
    },
    "validate.io-nonnegative-integer": {
      "version": "1.0.0",
      "resolved": "https://registry.npmjs.org/validate.io-nonnegative-integer/-/validate.io-nonnegative-integer-1.0.0.tgz",
      "integrity": "sha1-gGkkOgjF+Y6VQTySnf17GPP28p8=",
      "requires": {
        "validate.io-integer": "^1.0.5"
      }
    },
    "validate.io-number": {
      "version": "1.0.3",
      "resolved": "https://registry.npmjs.org/validate.io-number/-/validate.io-number-1.0.3.tgz",
      "integrity": "sha1-9j/+2iSL8opnqNSODjtGGhZluvg="
    },
    "validate.io-number-primitive": {
      "version": "1.0.0",
      "resolved": "https://registry.npmjs.org/validate.io-number-primitive/-/validate.io-number-primitive-1.0.0.tgz",
      "integrity": "sha1-0uAfICmJNp3PEVVElWQgOv5YTlU="
    },
    "validate.io-string-primitive": {
      "version": "1.0.1",
      "resolved": "https://registry.npmjs.org/validate.io-string-primitive/-/validate.io-string-primitive-1.0.1.tgz",
      "integrity": "sha1-uBNbn7E3K94C/dU60dDM1t55j+4="
    },
    "wake_on_lan": {
      "version": "0.0.4",
      "resolved": "https://registry.npmjs.org/wake_on_lan/-/wake_on_lan-0.0.4.tgz",
      "integrity": "sha1-TKUfEwQJWYqk44QmzD6gdtcFhkM="
    },
    "wrap-ansi": {
      "version": "7.0.0",
      "resolved": "https://registry.npmjs.org/wrap-ansi/-/wrap-ansi-7.0.0.tgz",
      "integrity": "sha512-YVGIj2kamLSTxw6NsZjoBxfSwsn0ycdesmc4p+Q21c5zPuZ1pl+NfxVdxPtdHvmNVOQ6XSYG4AUtyt/Fi7D16Q==",
      "requires": {
        "ansi-styles": "^4.0.0",
        "string-width": "^4.1.0",
        "strip-ansi": "^6.0.0"
      }
    },
    "y18n": {
      "version": "5.0.2",
      "resolved": "https://registry.npmjs.org/y18n/-/y18n-5.0.2.tgz",
      "integrity": "sha512-CkwaeZw6dQgqgPGeTWKMXCRmMcBgETFlTml1+ZOO+q7kGst8NREJ+eWwFNPVUQ4QGdAaklbqCZHH6Zuep1RjiA=="
    },
    "yargs": {
      "version": "16.0.3",
      "resolved": "https://registry.npmjs.org/yargs/-/yargs-16.0.3.tgz",
      "integrity": "sha512-6+nLw8xa9uK1BOEOykaiYAJVh6/CjxWXK/q9b5FpRgNslt8s22F2xMBqVIKgCRjNgGvGPBy8Vog7WN7yh4amtA==",
      "requires": {
        "cliui": "^7.0.0",
        "escalade": "^3.0.2",
        "get-caller-file": "^2.0.5",
        "require-directory": "^2.1.1",
        "string-width": "^4.2.0",
        "y18n": "^5.0.1",
        "yargs-parser": "^20.0.0"
      }
    },
    "yargs-parser": {
      "version": "20.2.1",
      "resolved": "https://registry.npmjs.org/yargs-parser/-/yargs-parser-20.2.1.tgz",
      "integrity": "sha512-yYsjuSkjbLMBp16eaOt7/siKTjNVjMm3SoJnIg3sEh/JsvqVVDyjRKmaJV4cl+lNIgq6QEco2i3gDebJl7/vLA=="
    }
  }
}
